
Microsoft Visual Studio Solution File, Format Version 12.00
# Visual Studio Version 17
VisualStudioVersion = 17.1.32319.34
MinimumVisualStudioVersion = 10.0.40219.1
Project("{FAE04EC0-301F-11D3-BF4B-00C04F79EFBC}") = "Modul7_1302204063", "Modul7_1302204063\Modul7_1302204063.csproj", "{4EF32C1B-17B1-4880-90BB-388FC94F280F}"
EndProject
Global
	GlobalSection(SolutionConfigurationPlatforms) = preSolution
		Debug|Any CPU = Debug|Any CPU
		Release|Any CPU = Release|Any CPU
	EndGlobalSection
	GlobalSection(ProjectConfigurationPlatforms) = postSolution
		{4EF32C1B-17B1-4880-90BB-388FC94F280F}.Debug|Any CPU.ActiveCfg = Debug|Any CPU
		{4EF32C1B-17B1-4880-90BB-388FC94F280F}.Debug|Any CPU.Build.0 = Debug|Any CPU
		{4EF32C1B-17B1-4880-90BB-388FC94F280F}.Release|Any CPU.ActiveCfg = Release|Any CPU
		{4EF32C1B-17B1-4880-90BB-388FC94F280F}.Release|Any CPU.Build.0 = Release|Any CPU
	EndGlobalSection
	GlobalSection(SolutionProperties) = preSolution
		HideSolutionNode = FALSE
	EndGlobalSection
	GlobalSection(ExtensibilityGlobals) = postSolution
		SolutionGuid = {F8F82250-2F3F-4F53-9622-C619E4ED989D}
	EndGlobalSection
EndGlobal
